// !$*UTF8*$!
{
	archiveVersion = 1;
	classes = {
	};
	objectVersion = 46;
	objects = {

/* Begin PBXBuildFile section */
		74153D621AF8CF1100D4875A /* main.m in Sources */ = {isa = PBXBuildFile; fileRef = 74153D611AF8CF1100D4875A /* main.m */; };
		74153D651AF8CF1100D4875A /* AppDelegate.m in Sources */ = {isa = PBXBuildFile; fileRef = 74153D641AF8CF1100D4875A /* AppDelegate.m */; };
		74153D6D1AF8CF1100D4875A /* Images.xcassets in Resources */ = {isa = PBXBuildFile; fileRef = 74153D6C1AF8CF1100D4875A /* Images.xcassets */; };
		74153D701AF8CF1100D4875A /* LaunchScreen.xib in Resources */ = {isa = PBXBuildFile; fileRef = 74153D6E1AF8CF1100D4875A /* LaunchScreen.xib */; };
		74153D7C1AF8CF1100D4875A /* NewTests.m in Sources */ = {isa = PBXBuildFile; fileRef = 74153D7B1AF8CF1100D4875A /* NewTests.m */; };
		7455380A1AF9B7AB000E8346 /* CheckVC.m in Sources */ = {isa = PBXBuildFile; fileRef = 745538081AF9B7AB000E8346 /* CheckVC.m */; };
		7455380B1AF9B7AB000E8346 /* CheckVC.xib in Resources */ = {isa = PBXBuildFile; fileRef = 745538091AF9B7AB000E8346 /* CheckVC.xib */; };
/* End PBXBuildFile section */

/* Begin PBXContainerItemProxy section */
		74153D761AF8CF1100D4875A /* PBXContainerItemProxy */ = {
			isa = PBXContainerItemProxy;
			containerPortal = 74153D541AF8CF1100D4875A /* Project object */;
			proxyType = 1;
			remoteGlobalIDString = 74153D5B1AF8CF1100D4875A;
			remoteInfo = New;
		};
/* End PBXContainerItemProxy section */

/* Begin PBXFileReference section */
		74153D5C1AF8CF1100D4875A /* New.app */ = {isa = PBXFileReference; explicitFileType = wrapper.application; includeInIndex = 0; path = New.app; sourceTree = BUILT_PRODUCTS_DIR; };
		74153D601AF8CF1100D4875A /* Info.plist */ = {isa = PBXFileReference; lastKnownFileType = text.plist.xml; path = Info.plist; sourceTree = "<group>"; };
		74153D611AF8CF1100D4875A /* main.m */ = {isa = PBXFileReference; lastKnownFileType = sourcecode.c.objc; path = main.m; sourceTree = "<group>"; };
		74153D631AF8CF1100D4875A /* AppDelegate.h */ = {isa = PBXFileReference; lastKnownFileType = sourcecode.c.h; path = AppDelegate.h; sourceTree = "<group>"; };
		74153D641AF8CF1100D4875A /* AppDelegate.m */ = {isa = PBXFileReference; lastKnownFileType = sourcecode.c.objc; path = AppDelegate.m; sourceTree = "<group>"; };
		74153D6C1AF8CF1100D4875A /* Images.xcassets */ = {isa = PBXFileReference; lastKnownFileType = folder.assetcatalog; path = Images.xcassets; sourceTree = "<group>"; };
		74153D6F1AF8CF1100D4875A /* Base */ = {isa = PBXFileReference; lastKnownFileType = file.xib; name = Base; path = Base.lproj/LaunchScreen.xib; sourceTree = "<group>"; };
		74153D751AF8CF1100D4875A /* NewTests.xctest */ = {isa = PBXFileReference; explicitFileType = wrapper.cfbundle; includeInIndex = 0; path = NewTests.xctest; sourceTree = BUILT_PRODUCTS_DIR; };
		74153D7A1AF8CF1100D4875A /* Info.plist */ = {isa = PBXFileReference; lastKnownFileType = text.plist.xml; path = Info.plist; sourceTree = "<group>"; };
		74153D7B1AF8CF1100D4875A /* NewTests.m */ = {isa = PBXFileReference; lastKnownFileType = sourcecode.c.objc; path = NewTests.m; sourceTree = "<group>"; };
		745538071AF9B7AB000E8346 /* CheckVC.h */ = {isa = PBXFileReference; fileEncoding = 4; lastKnownFileType = sourcecode.c.h; path = CheckVC.h; sourceTree = "<group>"; };
		745538081AF9B7AB000E8346 /* CheckVC.m */ = {isa = PBXFileReference; fileEncoding = 4; lastKnownFileType = sourcecode.c.objc; path = CheckVC.m; sourceTree = "<group>"; };
		745538091AF9B7AB000E8346 /* CheckVC.xib */ = {isa = PBXFileReference; fileEncoding = 4; lastKnownFileType = file.xib; path = CheckVC.xib; sourceTree = "<group>"; };
/* End PBXFileReference section */

/* Begin PBXFrameworksBuildPhase section */
		74153D591AF8CF1100D4875A /* Frameworks */ = {
			isa = PBXFrameworksBuildPhase;
			buildActionMask = 2147483647;
			files = (
			);
			runOnlyForDeploymentPostprocessing = 0;
		};
		74153D721AF8CF1100D4875A /* Frameworks */ = {
			isa = PBXFrameworksBuildPhase;
			buildActionMask = 2147483647;
			files = (
			);
			runOnlyForDeploymentPostprocessing = 0;
		};
/* End PBXFrameworksBuildPhase section */

/* Begin PBXGroup section */
		74153D531AF8CF1100D4875A = {
			isa = PBXGroup;
			children = (
				74153D5E1AF8CF1100D4875A /* New */,
				74153D781AF8CF1100D4875A /* NewTests */,
				74153D5D1AF8CF1100D4875A /* Products */,
			);
			sourceTree = "<group>";
		};
		74153D5D1AF8CF1100D4875A /* Products */ = {
			isa = PBXGroup;
			children = (
				74153D5C1AF8CF1100D4875A /* New.app */,
				74153D751AF8CF1100D4875A /* NewTests.xctest */,
			);
			name = Products;
			sourceTree = "<group>";
		};
		74153D5E1AF8CF1100D4875A /* New */ = {
			isa = PBXGroup;
			children = (
				745538071AF9B7AB000E8346 /* CheckVC.h */,
				745538081AF9B7AB000E8346 /* CheckVC.m */,
				745538091AF9B7AB000E8346 /* CheckVC.xib */,
				74153D631AF8CF1100D4875A /* AppDelegate.h */,
				74153D641AF8CF1100D4875A /* AppDelegate.m */,
				74153D6C1AF8CF1100D4875A /* Images.xcassets */,
				74153D6E1AF8CF1100D4875A /* LaunchScreen.xib */,
				74153D5F1AF8CF1100D4875A /* Supporting Files */,
			);
			path = New;
			sourceTree = "<group>";
		};
		74153D5F1AF8CF1100D4875A /* Supporting Files */ = {
			isa = PBXGroup;
			children = (
				74153D601AF8CF1100D4875A /* Info.plist */,
				74153D611AF8CF1100D4875A /* main.m */,
			);
			name = "Supporting Files";
			sourceTree = "<group>";
		};
		74153D781AF8CF1100D4875A /* NewTests */ = {
			isa = PBXGroup;
			children = (
				74153D7B1AF8CF1100D4875A /* NewTests.m */,
				74153D791AF8CF1100D4875A /* Supporting Files */,
			);
			path = NewTests;
			sourceTree = "<group>";
		};
		74153D791AF8CF1100D4875A /* Supporting Files */ = {
			isa = PBXGroup;
			children = (
				74153D7A1AF8CF1100D4875A /* Info.plist */,
			);
			name = "Supporting Files";
			sourceTree = "<group>";
		};
/* End PBXGroup section */

/* Begin PBXNativeTarget section */
		74153D5B1AF8CF1100D4875A /* New */ = {
			isa = PBXNativeTarget;
			buildConfigurationList = 74153D7F1AF8CF1100D4875A /* Build configuration list for PBXNativeTarget "New" */;
			buildPhases = (
				74153D581AF8CF1100D4875A /* Sources */,
				74153D591AF8CF1100D4875A /* Frameworks */,
				74153D5A1AF8CF1100D4875A /* Resources */,
			);
			buildRules = (
			);
			dependencies = (
			);
			name = New;
			productName = New;
			productReference = 74153D5C1AF8CF1100D4875A /* New.app */;
			productType = "com.apple.product-type.application";
		};
		74153D741AF8CF1100D4875A /* NewTests */ = {
			isa = PBXNativeTarget;
			buildConfigurationList = 74153D821AF8CF1100D4875A /* Build configuration list for PBXNativeTarget "NewTests" */;
			buildPhases = (
				74153D711AF8CF1100D4875A /* Sources */,
				74153D721AF8CF1100D4875A /* Frameworks */,
				74153D731AF8CF1100D4875A /* Resources */,
			);
			buildRules = (
			);
			dependencies = (
				74153D771AF8CF1100D4875A /* PBXTargetDependency */,
			);
			name = NewTests;
			productName = NewTests;
			productReference = 74153D751AF8CF1100D4875A /* NewTests.xctest */;
			productType = "com.apple.product-type.bundle.unit-test";
		};
/* End PBXNativeTarget section */

/* Begin PBXProject section */
		74153D541AF8CF1100D4875A /* Project object */ = {
			isa = PBXProject;
			attributes = {
				LastUpgradeCheck = 0630;
				ORGANIZATIONNAME = "dang ngoc khanh quang";
				TargetAttributes = {
					74153D5B1AF8CF1100D4875A = {
						CreatedOnToolsVersion = 6.3.1;
					};
					74153D741AF8CF1100D4875A = {
						CreatedOnToolsVersion = 6.3.1;
						TestTargetID = 74153D5B1AF8CF1100D4875A;
					};
				};
			};
			buildConfigurationList = 74153D571AF8CF1100D4875A /* Build configuration list for PBXProject "New" */;
			compatibilityVersion = "Xcode 3.2";
			developmentRegion = English;
			hasScannedForEncodings = 0;
			knownRegions = (
				en,
				Base,
			);
			mainGroup = 74153D531AF8CF1100D4875A;
			productRefGroup = 74153D5D1AF8CF1100D4875A /* Products */;
			projectDirPath = "";
			projectRoot = "";
			targets = (
				74153D5B1AF8CF1100D4875A /* New */,
				74153D741AF8CF1100D4875A /* NewTests */,
			);
		};
/* End PBXProject section */

/* Begin PBXResourcesBuildPhase section */
		74153D5A1AF8CF1100D4875A /* Resources */ = {
			isa = PBXResourcesBuildPhase;
			buildActionMask = 2147483647;
			files = (
				74153D701AF8CF1100D4875A /* LaunchScreen.xib in Resources */,
				74153D6D1AF8CF1100D4875A /* Images.xcassets in Resources */,
				7455380B1AF9B7AB000E8346 /* CheckVC.xib in Resources */,
			);
			runOnlyForDeploymentPostprocessing = 0;
		};
		74153D731AF8CF1100D4875A /* Resources */ = {
			isa = PBXResourcesBuildPhase;
			buildActionMask = 2147483647;
			files = (
			);
			runOnlyForDeploymentPostprocessing = 0;
		};
/* End PBXResourcesBuildPhase section */

/* Begin PBXSourcesBuildPhase section */
		74153D581AF8CF1100D4875A /* Sources */ = {
			isa = PBXSourcesBuildPhase;
			buildActionMask = 2147483647;
			files = (
				74153D651AF8CF1100D4875A /* AppDelegate.m in Sources */,
				74153D621AF8CF1100D4875A /* main.m in Sources */,
				7455380A1AF9B7AB000E8346 /* CheckVC.m in Sources */,
			);
			runOnlyForDeploymentPostprocessing = 0;
		};
		74153D711AF8CF1100D4875A /* Sources */ = {
			isa = PBXSourcesBuildPhase;
			buildActionMask = 2147483647;
			files = (
				74153D7C1AF8CF1100D4875A /* NewTests.m in Sources */,
			);
			runOnlyForDeploymentPostprocessing = 0;
		};
/* End PBXSourcesBuildPhase section */

/* Begin PBXTargetDependency section */
		74153D771AF8CF1100D4875A /* PBXTargetDependency */ = {
			isa = PBXTargetDependency;
			target = 74153D5B1AF8CF1100D4875A /* New */;
			targetProxy = 74153D761AF8CF1100D4875A /* PBXContainerItemProxy */;
		};
/* End PBXTargetDependency section */

/* Begin PBXVariantGroup section */
		74153D6E1AF8CF1100D4875A /* LaunchScreen.xib */ = {
			isa = PBXVariantGroup;
			children = (
				74153D6F1AF8CF1100D4875A /* Base */,
			);
			name = LaunchScreen.xib;
			sourceTree = "<group>";
		};
/* End PBXVariantGroup section */

/* Begin XCBuildConfiguration section */
		74153D7D1AF8CF1100D4875A /* Debug */ = {
			isa = XCBuildConfiguration;
			buildSettings = {
				ALWAYS_SEARCH_USER_PATHS = NO;
				CLANG_CXX_LANGUAGE_STANDARD = "gnu++0x";
				CLANG_CXX_LIBRARY = "libc++";
				CLANG_ENABLE_MODULES = YES;
				CLANG_ENABLE_OBJC_ARC = YES;
				CLANG_WARN_BOOL_CONVERSION = YES;
				CLANG_WARN_CONSTANT_CONVERSION = YES;
				CLANG_WARN_DIRECT_OBJC_ISA_USAGE = YES_ERROR;
				CLANG_WARN_EMPTY_BODY = YES;
				CLANG_WARN_ENUM_CONVERSION = YES;
				CLANG_WARN_INT_CONVERSION = YES;
				CLANG_WARN_OBJC_ROOT_CLASS = YES_ERROR;
				CLANG_WARN_UNREACHABLE_CODE = YES;
				CLANG_WARN__DUPLICATE_METHOD_MATCH = YES;
				"CODE_SIGN_IDENTITY[sdk=iphoneos*]" = "iPhone Developer";
				COPY_PHASE_STRIP = NO;
				DEBUG_INFORMATION_FORMAT = "dwarf-with-dsym";
				ENABLE_STRICT_OBJC_MSGSEND = YES;
				GCC_C_LANGUAGE_STANDARD = gnu99;
				GCC_DYNAMIC_NO_PIC = NO;
				GCC_NO_COMMON_BLOCKS = YES;
				GCC_OPTIMIZATION_LEVEL = 0;
				GCC_PREPROCESSOR_DEFINITIONS = (
					"DEBUG=1",
					"$(inherited)",
				);
				GCC_SYMBOLS_PRIVATE_EXTERN = NO;
				GCC_WARN_64_TO_32_BIT_CONVERSION = YES;
				GCC_WARN_ABOUT_RETURN_TYPE = YES_ERROR;
				GCC_WARN_UNDECLARED_SELECTOR = YES;
				GCC_WARN_UNINITIALIZED_AUTOS = YES_AGGRESSIVE;
				GCC_WARN_UNUSED_FUNCTION = YES;
				GCC_WARN_UNUSED_VARIABLE = YES;
				IPHONEOS_DEPLOYMENT_TARGET = 8.3;
				MTL_ENABLE_DEBUG_INFO = YES;
				ONLY_ACTIVE_ARCH = YES;
				SDKROOT = iphoneos;
			};
			name = Debug;
		};
		74153D7E1AF8CF1100D4875A /* Release */ = {
			isa = XCBuildConfiguration;
			buildSettings = {
				ALWAYS_SEARCH_USER_PATHS = NO;
				CLANG_CXX_LANGUAGE_STANDARD = "gnu++0x";
				CLANG_CXX_LIBRARY = "libc++";
				CLANG_ENABLE_MODULES = YES;
				CLANG_ENABLE_OBJC_ARC = YES;
				CLANG_WARN_BOOL_CONVERSION = YES;
				CLANG_WARN_CONSTANT_CONVERSION = YES;
				CLANG_WARN_DIRECT_OBJC_ISA_USAGE = YES_ERROR;
				CLANG_WARN_EMPTY_BODY = YES;
				CLANG_WARN_ENUM_CONVERSION = YES;
				CLANG_WARN_INT_CONVERSION = YES;
				CLANG_WARN_OBJC_ROOT_CLASS = YES_ERROR;
				CLANG_WARN_UNREACHABLE_CODE = YES;
				CLANG_WARN__DUPLICATE_METHOD_MATCH = YES;
				"CODE_SIGN_IDENTITY[sdk=iphoneos*]" = "iPhone Developer";
				COPY_PHASE_STRIP = NO;
				DEBUG_INFORMATION_FORMAT = "dwarf-with-dsym";
				ENABLE_NS_ASSERTIONS = NO;
				ENABLE_STRICT_OBJC_MSGSEND = YES;
				GCC_C_LANGUAGE_STANDARD = gnu99;
				GCC_NO_COMMON_BLOCKS = YES;
				GCC_WARN_64_TO_32_BIT_CONVERSION = YES;
				GCC_WARN_ABOUT_RETURN_TYPE = YES_ERROR;
				GCC_WARN_UNDECLARED_SELECTOR = YES;
				GCC_WARN_UNINITIALIZED_AUTOS = YES_AGGRESSIVE;
				GCC_WARN_UNUSED_FUNCTION = YES;
				GCC_WARN_UNUSED_VARIABLE = YES;
				IPHONEOS_DEPLOYMENT_TARGET = 8.3;
				MTL_ENABLE_DEBUG_INFO = NO;
				SDKROOT = iphoneos;
				VALIDATE_PRODUCT = YES;
			};
			name = Release;
		};
		74153D801AF8CF1100D4875A /* Debug */ = {
			isa = XCBuildConfiguration;
			buildSettings = {
				ASSETCATALOG_COMPILER_APPICON_NAME = AppIcon;
				INFOPLIST_FILE = New/Info.plist;
				LD_RUNPATH_SEARCH_PATHS = "$(inherited) @executable_path/Frameworks";
				PRODUCT_NAME = "$(TARGET_NAME)";
			};
			name = Debug;
		};
		74153D811AF8CF1100D4875A /* Release */ = {
			isa = XCBuildConfiguration;
			buildSettings = {
				ASSETCATALOG_COMPILER_APPICON_NAME = AppIcon;
				INFOPLIST_FILE = New/Info.plist;
				LD_RUNPATH_SEARCH_PATHS = "$(inherited) @executable_path/Frameworks";
				PRODUCT_NAME = "$(TARGET_NAME)";
			};
			name = Release;
		};
		74153D831AF8CF1100D4875A /* Debug */ = {
			isa = XCBuildConfiguration;
			buildSettings = {
				BUNDLE_LOADER = "$(TEST_HOST)";
				FRAMEWORK_SEARCH_PATHS = (
					"$(SDKROOT)/Developer/Library/Frameworks",
					"$(inherited)",
				);
				GCC_PREPROCESSOR_DEFINITIONS = (
					"DEBUG=1",
					"$(inherited)",
				);
				INFOPLIST_FILE = NewTests/Info.plist;
				LD_RUNPATH_SEARCH_PATHS = "$(inherited) @executable_path/Frameworks @loader_path/Frameworks";
				PRODUCT_NAME = "$(TARGET_NAME)";
				TEST_HOST = "$(BUILT_PRODUCTS_DIR)/New.app/New";
			};
			name = Debug;
		};
		74153D841AF8CF1100D4875A /* Release */ = {
			isa = XCBuildConfiguration;
			buildSettings = {
				BUNDLE_LOADER = "$(TEST_HOST)";
				FRAMEWORK_SEARCH_PATHS = (
					"$(SDKROOT)/Developer/Library/Frameworks",
					"$(inherited)",
				);
				INFOPLIST_FILE = NewTests/Info.plist;
				LD_RUNPATH_SEARCH_PATHS = "$(inherited) @executable_path/Frameworks @loader_path/Frameworks";
				PRODUCT_NAME = "$(TARGET_NAME)";
				TEST_HOST = "$(BUILT_PRODUCTS_DIR)/New.app/New";
			};
			name = Release;
		};
/* End XCBuildConfiguration section */

/* Begin XCConfigurationList section */
		74153D571AF8CF1100D4875A /* Build configuration list for PBXProject "New" */ = {
			isa = XCConfigurationList;
			buildConfigurations = (
				74153D7D1AF8CF1100D4875A /* Debug */,
				74153D7E1AF8CF1100D4875A /* Release */,
			);
			defaultConfigurationIsVisible = 0;
			defaultConfigurationName = Release;
		};
		74153D7F1AF8CF1100D4875A /* Build configuration list for PBXNativeTarget "New" */ = {
			isa = XCConfigurationList;
			buildConfigurations = (
				74153D801AF8CF1100D4875A /* Debug */,
				74153D811AF8CF1100D4875A /* Release */,
			);
			defaultConfigurationIsVisible = 0;
			defaultConfigurationName = Release;
		};
		74153D821AF8CF1100D4875A /* Build configuration list for PBXNativeTarget "NewTests" */ = {
			isa = XCConfigurationList;
			buildConfigurations = (
				74153D831AF8CF1100D4875A /* Debug */,
				74153D841AF8CF1100D4875A /* Release */,
			);
			defaultConfigurationIsVisible = 0;
			defaultConfigurationName = Release;
		};
/* End XCConfigurationList section */
	};
	rootObject = 74153D541AF8CF1100D4875A /* Project object */;
}
